
Microsoft Visual Studio Solution File, Format Version 12.00
# Visual Studio Version 17
VisualStudioVersion = 17.6.33712.159
MinimumVisualStudioVersion = 10.0.40219.1
Project("{9A19103F-16F7-4668-BE54-9A1E7A4F7556}") = "Kibana.Rule.Engine", "Kibana.Rule.Engine\Kibana.Rule.Engine.csproj", "{28E351C1-38F2-4EAD-B2EF-1961990DCAAE}"
EndProject
Project("{2150E333-8FDC-42A3-9474-1A3956D46DE8}") = "Services", "Services", "{97C7FDC2-D17B-404C-8BE2-27899B5AFFFF}"
EndProject
Project("{9A19103F-16F7-4668-BE54-9A1E7A4F7556}") = "Auth.Service", "Auth.Service\Auth.Service.csproj", "{384C42CC-3380-4B47-A9B8-804616799DBA}"
EndProject
Project("{9A19103F-16F7-4668-BE54-9A1E7A4F7556}") = "Identity.project", "Identity.project\Identity.project.csproj", "{3AD7C445-D0E1-4D6C-BE17-0BA63F9817ED}"
EndProject
Project("{9A19103F-16F7-4668-BE54-9A1E7A4F7556}") = "Test.WebApi", "Test.WebApi\Test.WebApi.csproj", "{D1746AFF-1946-4383-986F-F82905BBF64A}"
EndProject
Project("{2150E333-8FDC-42A3-9474-1A3956D46DE8}") = "KAFKA", "KAFKA", "{026D68EE-216B-4233-AC7C-82DBB85F4C0C}"
EndProject
Project("{9A19103F-16F7-4668-BE54-9A1E7A4F7556}") = "Kafka.Consumer", "Kafka.Consumer\Kafka.Consumer.csproj", "{B832662A-5FC8-461F-9109-74C93969B66A}"
EndProject
Project("{9A19103F-16F7-4668-BE54-9A1E7A4F7556}") = "Producer.Kafka", "Producer.Kafka\Producer.Kafka.csproj", "{06A5C91C-F1AA-4106-A067-2C3C52DD461A}"
EndProject
Project("{FAE04EC0-301F-11D3-BF4B-00C04F79EFBC}") = "Rule.Create.Service", "Rule.Create.Service\Rule.Create.Service.csproj", "{4BEBD004-C9BE-4DF4-BD24-FB70601EE81F}"
EndProject
Project("{FAE04EC0-301F-11D3-BF4B-00C04F79EFBC}") = "SignalR.Service", "SignalR.Service\SignalR.Service.csproj", "{F7C46EE2-4A4C-4D3F-B30F-CF0E0FC9E5EB}"
EndProject
Global
	GlobalSection(SolutionConfigurationPlatforms) = preSolution
		Debug|Any CPU = Debug|Any CPU
		Release|Any CPU = Release|Any CPU
	EndGlobalSection
	GlobalSection(ProjectConfigurationPlatforms) = postSolution
		{28E351C1-38F2-4EAD-B2EF-1961990DCAAE}.Debug|Any CPU.ActiveCfg = Debug|Any CPU
		{28E351C1-38F2-4EAD-B2EF-1961990DCAAE}.Debug|Any CPU.Build.0 = Debug|Any CPU
		{28E351C1-38F2-4EAD-B2EF-1961990DCAAE}.Release|Any CPU.ActiveCfg = Release|Any CPU
		{28E351C1-38F2-4EAD-B2EF-1961990DCAAE}.Release|Any CPU.Build.0 = Release|Any CPU
		{384C42CC-3380-4B47-A9B8-804616799DBA}.Debug|Any CPU.ActiveCfg = Debug|Any CPU
		{384C42CC-3380-4B47-A9B8-804616799DBA}.Debug|Any CPU.Build.0 = Debug|Any CPU
		{384C42CC-3380-4B47-A9B8-804616799DBA}.Release|Any CPU.ActiveCfg = Release|Any CPU
		{384C42CC-3380-4B47-A9B8-804616799DBA}.Release|Any CPU.Build.0 = Release|Any CPU
		{3AD7C445-D0E1-4D6C-BE17-0BA63F9817ED}.Debug|Any CPU.ActiveCfg = Debug|Any CPU
		{3AD7C445-D0E1-4D6C-BE17-0BA63F9817ED}.Debug|Any CPU.Build.0 = Debug|Any CPU
		{3AD7C445-D0E1-4D6C-BE17-0BA63F9817ED}.Release|Any CPU.ActiveCfg = Release|Any CPU
		{3AD7C445-D0E1-4D6C-BE17-0BA63F9817ED}.Release|Any CPU.Build.0 = Release|Any CPU
		{D1746AFF-1946-4383-986F-F82905BBF64A}.Debug|Any CPU.ActiveCfg = Debug|Any CPU
		{D1746AFF-1946-4383-986F-F82905BBF64A}.Debug|Any CPU.Build.0 = Debug|Any CPU
		{D1746AFF-1946-4383-986F-F82905BBF64A}.Release|Any CPU.ActiveCfg = Release|Any CPU
		{D1746AFF-1946-4383-986F-F82905BBF64A}.Release|Any CPU.Build.0 = Release|Any CPU
		{B832662A-5FC8-461F-9109-74C93969B66A}.Debug|Any CPU.ActiveCfg = Debug|Any CPU
		{B832662A-5FC8-461F-9109-74C93969B66A}.Debug|Any CPU.Build.0 = Debug|Any CPU
		{B832662A-5FC8-461F-9109-74C93969B66A}.Release|Any CPU.ActiveCfg = Release|Any CPU
		{B832662A-5FC8-461F-9109-74C93969B66A}.Release|Any CPU.Build.0 = Release|Any CPU
		{06A5C91C-F1AA-4106-A067-2C3C52DD461A}.Debug|Any CPU.ActiveCfg = Debug|Any CPU
		{06A5C91C-F1AA-4106-A067-2C3C52DD461A}.Debug|Any CPU.Build.0 = Debug|Any CPU
		{06A5C91C-F1AA-4106-A067-2C3C52DD461A}.Release|Any CPU.ActiveCfg = Release|Any CPU
		{06A5C91C-F1AA-4106-A067-2C3C52DD461A}.Release|Any CPU.Build.0 = Release|Any CPU
		{4BEBD004-C9BE-4DF4-BD24-FB70601EE81F}.Debug|Any CPU.ActiveCfg = Debug|Any CPU
		{4BEBD004-C9BE-4DF4-BD24-FB70601EE81F}.Debug|Any CPU.Build.0 = Debug|Any CPU
		{4BEBD004-C9BE-4DF4-BD24-FB70601EE81F}.Release|Any CPU.ActiveCfg = Release|Any CPU
		{4BEBD004-C9BE-4DF4-BD24-FB70601EE81F}.Release|Any CPU.Build.0 = Release|Any CPU
		{F7C46EE2-4A4C-4D3F-B30F-CF0E0FC9E5EB}.Debug|Any CPU.ActiveCfg = Debug|Any CPU
		{F7C46EE2-4A4C-4D3F-B30F-CF0E0FC9E5EB}.Debug|Any CPU.Build.0 = Debug|Any CPU
		{F7C46EE2-4A4C-4D3F-B30F-CF0E0FC9E5EB}.Release|Any CPU.ActiveCfg = Release|Any CPU
		{F7C46EE2-4A4C-4D3F-B30F-CF0E0FC9E5EB}.Release|Any CPU.Build.0 = Release|Any CPU
	EndGlobalSection
	GlobalSection(SolutionProperties) = preSolution
		HideSolutionNode = FALSE
	EndGlobalSection
	GlobalSection(NestedProjects) = preSolution
		{384C42CC-3380-4B47-A9B8-804616799DBA} = {97C7FDC2-D17B-404C-8BE2-27899B5AFFFF}
		{3AD7C445-D0E1-4D6C-BE17-0BA63F9817ED} = {97C7FDC2-D17B-404C-8BE2-27899B5AFFFF}
		{D1746AFF-1946-4383-986F-F82905BBF64A} = {97C7FDC2-D17B-404C-8BE2-27899B5AFFFF}
		{026D68EE-216B-4233-AC7C-82DBB85F4C0C} = {97C7FDC2-D17B-404C-8BE2-27899B5AFFFF}
		{B832662A-5FC8-461F-9109-74C93969B66A} = {026D68EE-216B-4233-AC7C-82DBB85F4C0C}
		{06A5C91C-F1AA-4106-A067-2C3C52DD461A} = {026D68EE-216B-4233-AC7C-82DBB85F4C0C}
		{4BEBD004-C9BE-4DF4-BD24-FB70601EE81F} = {97C7FDC2-D17B-404C-8BE2-27899B5AFFFF}
		{F7C46EE2-4A4C-4D3F-B30F-CF0E0FC9E5EB} = {97C7FDC2-D17B-404C-8BE2-27899B5AFFFF}
	EndGlobalSection
	GlobalSection(ExtensibilityGlobals) = postSolution
		SolutionGuid = {5CC1660F-3339-405C-B501-486ADD2F5F43}
	EndGlobalSection
EndGlobal
