
Microsoft Visual Studio Solution File, Format Version 12.00
# Visual Studio Version 17
VisualStudioVersion = 17.0.31903.59
MinimumVisualStudioVersion = 10.0.40219.1
Project("{9A19103F-16F7-4668-BE54-9A1E7A4F7556}") = "IdentityServer", "IdentityServer\IdentityServer.csproj", "{6EAD5695-DB4A-4355-A83D-123C351E0790}"
EndProject
Project("{9A19103F-16F7-4668-BE54-9A1E7A4F7556}") = "ApiGateway", "ApiGateway\ApiGateway.csproj", "{264007ED-A88C-48CE-84BE-ABEE2FD09EF3}"
EndProject
Project("{FAE04EC0-301F-11D3-BF4B-00C04F79EFBC}") = "SecurityApp.API", "SecurityApp.API\SecurityApp.API.csproj", "{333664AA-F1AB-4466-9AD0-1A4073B41AFC}"
EndProject
Project("{FAE04EC0-301F-11D3-BF4B-00C04F79EFBC}") = "SignalR.Service", "SignalR.Service\SignalR.Service.csproj", "{0C57224C-4057-4A85-B3FC-5B9DFA334178}"
EndProject
Global
	GlobalSection(SolutionConfigurationPlatforms) = preSolution
		Debug|Any CPU = Debug|Any CPU
		Release|Any CPU = Release|Any CPU
	EndGlobalSection
	GlobalSection(ProjectConfigurationPlatforms) = postSolution
		{6EAD5695-DB4A-4355-A83D-123C351E0790}.Debug|Any CPU.ActiveCfg = Debug|Any CPU
		{6EAD5695-DB4A-4355-A83D-123C351E0790}.Debug|Any CPU.Build.0 = Debug|Any CPU
		{6EAD5695-DB4A-4355-A83D-123C351E0790}.Release|Any CPU.ActiveCfg = Release|Any CPU
		{6EAD5695-DB4A-4355-A83D-123C351E0790}.Release|Any CPU.Build.0 = Release|Any CPU
		{264007ED-A88C-48CE-84BE-ABEE2FD09EF3}.Debug|Any CPU.ActiveCfg = Debug|Any CPU
		{264007ED-A88C-48CE-84BE-ABEE2FD09EF3}.Debug|Any CPU.Build.0 = Debug|Any CPU
		{264007ED-A88C-48CE-84BE-ABEE2FD09EF3}.Release|Any CPU.ActiveCfg = Release|Any CPU
		{264007ED-A88C-48CE-84BE-ABEE2FD09EF3}.Release|Any CPU.Build.0 = Release|Any CPU
		{333664AA-F1AB-4466-9AD0-1A4073B41AFC}.Debug|Any CPU.ActiveCfg = Debug|Any CPU
		{333664AA-F1AB-4466-9AD0-1A4073B41AFC}.Debug|Any CPU.Build.0 = Debug|Any CPU
		{333664AA-F1AB-4466-9AD0-1A4073B41AFC}.Release|Any CPU.ActiveCfg = Release|Any CPU
		{333664AA-F1AB-4466-9AD0-1A4073B41AFC}.Release|Any CPU.Build.0 = Release|Any CPU
		{0C57224C-4057-4A85-B3FC-5B9DFA334178}.Debug|Any CPU.ActiveCfg = Debug|Any CPU
		{0C57224C-4057-4A85-B3FC-5B9DFA334178}.Debug|Any CPU.Build.0 = Debug|Any CPU
		{0C57224C-4057-4A85-B3FC-5B9DFA334178}.Release|Any CPU.ActiveCfg = Release|Any CPU
		{0C57224C-4057-4A85-B3FC-5B9DFA334178}.Release|Any CPU.Build.0 = Release|Any CPU
	EndGlobalSection
	GlobalSection(SolutionProperties) = preSolution
		HideSolutionNode = FALSE
	EndGlobalSection
	GlobalSection(ExtensibilityGlobals) = postSolution
		SolutionGuid = {86C222E5-E101-4213-9FF4-5F2BC7E46A18}
	EndGlobalSection
EndGlobal
